{
  "name": "@jeefo/utils",
  "version": "0.0.10",
  "lockfileVersion": 1,
  "requires": true,
  "dependencies": {
    "@jeefo/fs": {
      "version": "0.0.9",
      "resolved": "https://registry.npmjs.org/@jeefo/fs/-/fs-0.0.9.tgz",
      "integrity": "sha512-EbdJpyW8QNsPrT7GL0ibOjn8S5enS0zzK1fNikkem5Kuj78jhUj5jZlTOhduJ0H+aLLO/8Hh7Gmu8g9C9qzNWQ==",
      "dev": true,
      "requires": {
        "@jeefo/utils": "0.0.9"
      }
    },
    "@jeefo/publish": {
      "version": "0.0.31",
      "resolved": "https://registry.npmjs.org/@jeefo/publish/-/publish-0.0.31.tgz",
      "integrity": "sha512-VrpiuMOCpR2WC8e1+ZRQymbRaHOLOUubFkQ8/kRFmG64ZKMygYY202LdR+ICJ5VCP2SeXeqwXDvVQwG8b/RJ/A==",
      "dev": true
    },
    "@jeefo/utils": {
      "version": "0.0.9",
      "resolved": "https://registry.npmjs.org/@jeefo/utils/-/utils-0.0.9.tgz",
      "integrity": "sha512-o4lFyl+vjl0tvGOpmj8GedWYi87w3nNm2Ug4P6lZC0r3pcgkwTXGyAzU2ZMDLic3eJ5cqdm3PwxgHgDtwFxK3w==",
      "dev": true
    }
  }
}
